{
  "version": 2,
  "dependencies": {
    "net9.0": {
      "coverlet.collector": {
        "type": "Direct",
        "requested": "[6.0.2, )",
        "resolved": "6.0.2",
        "contentHash": "bJShQ6uWRTQ100ZeyiMqcFlhP7WJ+bCuabUs885dJiBEzMsJMSFr7BOyeCw4rgvQokteGi5rKQTlkhfQPUXg2A=="
      },
      "Microsoft.Agents.AI.Hyperlight": {
        "type": "Direct",
        "requested": "[1.19.0-preview.260822.1, )",
        "resolved": "1.19.0-preview.260822.1",
        "contentHash": "w/yGR1uxnVOFPsLr7L9Hd45ss0RFxkV98RMpM5LgQEgWv/ep3WSfgOr9gMmpTpX8KI1pk5PNsQm63hQSpLub7g==",
        "dependencies": {
          "Hyperlight.HyperlightSandbox.Api": "0.4.0",
          "Microsoft.Agents.AI.Abstractions": "1.19.0",
          "Microsoft.Extensions.AI.Abstractions": "10.9.0",
          "System.Text.Json": "10.0.11"
        }
      },
      "Microsoft.AspNetCore.Mvc.Testing": {
        "type": "Direct",
        "requested": "[9.0.0, )",
        "resolved": "9.0.0",
        "contentHash": "4tyGN2cb2lVqMwqPhDhXAkTtSci8RJ0cFKVHEU3yj6I4krcbyQE6SJmAQr5Hq8ARyVopKUrQp/qniDje/1I07A==",
        "dependencies": {
          "Microsoft.AspNetCore.TestHost": "9.0.0",
          "Microsoft.Extensions.DependencyModel": "9.0.0",
          "Microsoft.Extensions.Hosting": "9.0.0"
        }
      },
      "Microsoft.NET.Test.Sdk": {
        "type": "Direct",
        "requested": "[17.11.1, )",
        "resolved": "17.11.1",
        "contentHash": "U3Ty4BaGoEu+T2bwSko9tWqWUOU16WzSFkq6U8zve75oRBMSLTBdMAZrVNNz1Tq12aCdDom9fcOcM9QZaFHqFg==",
        "dependencies": {
          "Microsoft.CodeCoverage": "17.11.1",
          "Microsoft.TestPlatform.TestHost": "17.11.1"
        }
      },
      "xunit": {
        "type": "Direct",
        "requested": "[2.9.2, )",
        "resolved": "2.9.2",
        "contentHash": "7LhFS2N9Z6Xgg8aE5lY95cneYivRMfRI8v+4PATa4S64D5Z/Plkg0qa8dTRHSiGRgVZ/CL2gEfJDE5AUhOX+2Q==",
        "dependencies": {
          "xunit.analyzers": "1.16.0",
          "xunit.assert": "2.9.2",
          "xunit.core": "[2.9.2]"
        }
      },
      "xunit.runner.visualstudio": {
        "type": "Direct",
        "requested": "[2.8.2, )",
        "resolved": "2.8.2",
        "contentHash": "vm1tbfXhFmjFMUmS4M0J0ASXz3/U5XvXBa6DOQUL3fEz4Vt6YPhv+ESCarx6M6D+9kJkJYZKCNvJMas1+nVfmQ=="
      },
      "Xunit.SkippableFact": {
        "type": "Direct",
        "requested": "[1.5.23, )",
        "resolved": "1.5.23",
        "contentHash": "JlKobLTlsGcuJ8OtoodxL63bUagHSVBnF+oQ2GgnkwNqK+XYjeYyhQasULi5Ebx1MNDGNbOMplQYr89mR+nItQ==",
        "dependencies": {
          "Validation": "2.5.51",
          "xunit.extensibility.execution": "2.4.0"
        }
      },
      "Azure.Core": {
        "type": "Transitive",
        "resolved": "1.44.1",
        "contentHash": "YyznXLQZCregzHvioip07/BkzjuWNXogJEVz9T5W6TwjNr17ax41YGzYMptlo2G10oLCuVPoyva62y0SIRDixg==",
        "dependencies": {
          "Microsoft.Bcl.AsyncInterfaces": "6.0.0",
          "System.ClientModel": "1.1.0",
          "System.Diagnostics.DiagnosticSource": "6.0.1",
          "System.Memory.Data": "6.0.0",
          "System.Numerics.Vectors": "4.5.0",
          "System.Text.Encodings.Web": "6.0.0",
          "System.Text.Json": "6.0.10",
          "System.Threading.Tasks.Extensions": "4.5.4"
        }
      },
      "Google.Protobuf": {
        "type": "Transitive",
        "resolved": "3.30.2",
        "contentHash": "Y2aOVLIt75yeeEWigg9V9YnjsEm53sADtLGq0gLhwaXpk3iu8tYSoauolyhenagA2sWno2TQ2WujI0HQd6s1Vw=="
      },
      "Humanizer.Core": {
        "type": "Transitive",
        "resolved": "2.14.1",
        "contentHash": "lQKvtaTDOXnoVJ20ibTuSIOf2i0uO0MPbDhd1jm238I+U/2ZnRENj0cktKZhtchBMtCUSRQ5v4xBCUbKNmyVMw=="
      },
      "Hyperlight.HyperlightSandbox.Api": {
        "type": "Transitive",
        "resolved": "0.4.0",
        "contentHash": "+q4Bn3KAjD3bKL4D0utb0IVY5wGyZr3dkoOcU524FTdCO/wF0imvZXC2v4jyS9xCAzMolPwHMdfJF6sntV34Yw==",
        "dependencies": {
          "Hyperlight.HyperlightSandbox.PInvoke": "0.4.0"
        }
      },
      "Hyperlight.HyperlightSandbox.PInvoke": {
        "type": "Transitive",
        "resolved": "0.4.0",
        "contentHash": "Hl7o49GcaMoBJsoubuWlSadBKs6gO7+8Qjc4/sqFjCZvIsQeLMdabjJZbIapdFTfg7TVhbNAWr0U7U/UJFv9tQ=="
      },
      "Json.More.Net": {
        "type": "Transitive",
        "resolved": "2.0.1.2",
        "contentHash": "uF3QeiaXEfH92emz0/BWUiNtMSfxIIvgynuB0Bf1vF4s8eWTcZitBx9l+g/FDaJk5XxqBv9buQXizXKQcXFG1w=="
      },
      "JsonPointer.Net": {
        "type": "Transitive",
        "resolved": "5.0.0",
        "contentHash": "fm4T5w20AY6C+p5/pJr0vrXRNGgtSfHl34I1LxC9zdPwS9S3j0GiR1Mz/CVPWKDXXGDpCt1APHpCq7kn5adCfA==",
        "dependencies": {
          "Humanizer.Core": "2.14.1",
          "Json.More.Net": "2.0.1.2"
        }
      },
      "Microsoft.Agents.AI.Abstractions": {
        "type": "Transitive",
        "resolved": "1.19.0",
        "contentHash": "Aw/MMRWjuics4Ryuv3qqj7Bvrv8KCQmKI7X5EQLoR77YJE4gpD8lOh/6GkLzWS1kZwyA1T04V7jgCMw2DCVyEQ==",
        "dependencies": {
          "Microsoft.Extensions.AI.Abstractions": "10.9.0",
          "System.Text.Json": "10.0.11"
        }
      },
      "Microsoft.AspNetCore.TestHost": {
        "type": "Transitive",
        "resolved": "9.0.0",
        "contentHash": "T5t8Qac05kJtFzsBxo+B3p0UcLNTRoWQf/1EbpaVBw9d7w2xL6RKYh0mqG+rPn2rulJDKeU3VfAd+r/YHdaKBg=="
      },
      "Microsoft.Bcl.AsyncInterfaces": {
        "type": "Transitive",
        "resolved": "6.0.0",
        "contentHash": "UcSjPsst+DfAdJGVDsu346FX0ci0ah+lw3WRtn18NUwEqRt70HaOQ7lI72vy3+1LxtqI3T5GWwV39rQSrCzAeg=="
      },
      "Microsoft.CodeCoverage": {
        "type": "Transitive",
        "resolved": "17.11.1",
        "contentHash": "nPJqrcA5iX+Y0kqoT3a+pD/8lrW/V7ayqnEJQsTonSoPz59J8bmoQhcSN4G8+UJ64Hkuf0zuxnfuj2lkHOq4cA=="
      },
      "Microsoft.Extensions.AI.Evaluation": {
        "type": "Transitive",
        "resolved": "10.9.0",
        "contentHash": "X1W8yH63os/Me/5+ipZLmgRXjZJDJ1kUHxYRWxqP3c/DezHfSHD+Qf5nKgN1EHIY9GYqkIBTvtPEC8Hs+t4KBQ==",
        "dependencies": {
          "Microsoft.Extensions.AI.Abstractions": "10.9.0"
        }
      },
      "Microsoft.Extensions.AI.OpenAI": {
        "type": "Transitive",
        "resolved": "10.6.0",
        "contentHash": "LtqD8u5fqljZ+0Y6EsKOo+4YouNb0t+jU5J3rfOadMR1RCM5a36+2SB4tEuJpCTiqC31GeeJscyzFmIuwCZx+Q==",
        "dependencies": {
          "Microsoft.Extensions.AI.Abstractions": "10.6.0",
          "OpenAI": "2.10.0",
          "System.Text.Json": "10.0.8"
        }
      },
      "Microsoft.Extensions.Caching.Abstractions": {
        "type": "Transitive",
        "resolved": "10.0.11",
        "contentHash": "vUl798SmruTqqlt/xH2gDk3tJlhk6k3HdOXAHirlRfbNKDym4g/kRpUL9S4sl6F6FsOTOMW+ZsDapqlZMOOiEw==",
        "dependencies": {
          "Microsoft.Extensions.Primitives": "10.0.11"
        }
      },
      "Microsoft.Extensions.Compliance.Abstractions": {
        "type": "Transitive",
        "resolved": "10.5.0",
        "contentHash": "xbWZji13Vb2jDJNtwVrKpI09jd8x3n3fL+GzhiLK+8O5Wc2A+GyqCZalST2fV46Pf0QfCwkXf83y+3/rDkCd7A==",
        "dependencies": {
          "Microsoft.Extensions.DependencyInjection.Abstractions": "9.0.15",
          "Microsoft.Extensions.ObjectPool": "9.0.15"
        }
      },
      "Microsoft.Extensions.Configuration": {
        "type": "Transitive",
        "resolved": "9.0.0",
        "contentHash": "YIMO9T3JL8MeEXgVozKt2v79hquo/EFtnY0vgxmLnUvk1Rei/halI7kOWZL2RBeV9FMGzgM9LZA8CVaNwFMaNA==",
        "dependencies": {
          "Microsoft.Extensions.Configuration.Abstractions": "9.0.0",
          "Microsoft.Extensions.Primitives": "9.0.0"
        }
      },
      "Microsoft.Extensions.Configuration.Binder": {
        "type": "Transitive",
        "resolved": "9.0.0",
        "contentHash": "RiScL99DcyngY9zJA2ROrri7Br8tn5N4hP4YNvGdTN/bvg1A3dwvDOxHnNZ3Im7x2SJ5i4LkX1uPiR/MfSFBLQ==",
        "dependencies": {
          "Microsoft.Extensions.Configuration.Abstractions": "9.0.0"
        }
      },
      "Microsoft.Extensions.Configuration.CommandLine": {
        "type": "Transitive",
        "resolved": "9.0.0",
        "contentHash": "qD+hdkBtR9Ps7AxfhTJCnoVakkadHgHlD1WRN0QHGHod+SDuca1ao1kF4G2rmpAz2AEKrE2N2vE8CCCZ+ILnNw==",
        "dependencies": {
          "Microsoft.Extensions.Configuration": "9.0.0",
          "Microsoft.Extensions.Configuration.Abstractions": "9.0.0"
        }
      },
      "Microsoft.Extensions.Configuration.EnvironmentVariables": {
        "type": "Transitive",
        "resolved": "9.0.0",
        "contentHash": "v5R638eNMxksfXb7MFnkPwLPp+Ym4W/SIGNuoe8qFVVyvygQD5DdLusybmYSJEr9zc1UzWzim/ATKeIOVvOFDg==",
        "dependencies": {
          "Microsoft.Extensions.Configuration": "9.0.0",
          "Microsoft.Extensions.Configuration.Abstractions": "9.0.0"
        }
      },
      "Microsoft.Extensions.Configuration.FileExtensions": {
        "type": "Transitive",
        "resolved": "9.0.0",
        "contentHash": "4EK93Jcd2lQG4GY6PAw8jGss0ZzFP0vPc1J85mES5fKNuDTqgFXHba9onBw2s18fs3I4vdo2AWyfD1mPAxWSQQ==",
        "dependencies": {
          "Microsoft.Extensions.Configuration": "9.0.0",
          "Microsoft.Extensions.Configuration.Abstractions": "9.0.0",
          "Microsoft.Extensions.FileProviders.Abstractions": "9.0.0",
          "Microsoft.Extensions.FileProviders.Physical": "9.0.0",
          "Microsoft.Extensions.Primitives": "9.0.0"
        }
      },
      "Microsoft.Extensions.Configuration.Json": {
        "type": "Transitive",
        "resolved": "9.0.0",
        "contentHash": "WiTK0LrnsqmedrbzwL7f4ZUo+/wByqy2eKab39I380i2rd8ImfCRMrtkqJVGDmfqlkP/YzhckVOwPc5MPrSNpg==",
        "dependencies": {
          "Microsoft.Extensions.Configuration": "9.0.0",
          "Microsoft.Extensions.Configuration.Abstractions": "9.0.0",
          "Microsoft.Extensions.Configuration.FileExtensions": "9.0.0",
          "Microsoft.Extensions.FileProviders.Abstractions": "9.0.0"
        }
      },
      "Microsoft.Extensions.Configuration.UserSecrets": {
        "type": "Transitive",
        "resolved": "9.0.0",
        "contentHash": "FShWw8OysquwV7wQHYkkz0VWsJSo6ETUu4h7tJRMtnG0uR+tzKOldhcO8xB1pGSOI3Ng6v3N1Q94YO8Rzq1P6A==",
        "dependencies": {
          "Microsoft.Extensions.Configuration.Abstractions": "9.0.0",
          "Microsoft.Extensions.Configuration.Json": "9.0.0",
          "Microsoft.Extensions.FileProviders.Abstractions": "9.0.0",
          "Microsoft.Extensions.FileProviders.Physical": "9.0.0"
        }
      },
      "Microsoft.Extensions.DependencyInjection": {
        "type": "Transitive",
        "resolved": "9.0.0",
        "contentHash": "MCPrg7v3QgNMr0vX4vzRXvkNGgLg8vKWX0nKCWUxu2uPyMsaRgiRc1tHBnbTcfJMhMKj2slE/j2M9oGkd25DNw==",
        "dependencies": {
          "Microsoft.Extensions.DependencyInjection.Abstractions": "9.0.0"
        }
      },
      "Microsoft.Extensions.DependencyModel": {
        "type": "Transitive",
        "resolved": "9.0.0",
        "contentHash": "saxr2XzwgDU77LaQfYFXmddEDRUKHF4DaGMZkNB3qjdVSZlax3//dGJagJkKrGMIPNZs2jVFXITyCCR6UHJNdA=="
      },
      "Microsoft.Extensions.Diagnostics": {
        "type": "Transitive",
        "resolved": "9.0.0",
        "contentHash": "0CF9ZrNw5RAlRfbZuVIvzzhP8QeWqHiUmMBU/2H7Nmit8/vwP3/SbHeEctth7D4Gz2fBnEbokPc1NU8/j/1ZLw==",
        "dependencies": {
          "Microsoft.Extensions.Configuration": "9.0.0",
          "Microsoft.Extensions.Diagnostics.Abstractions": "9.0.0",
          "Microsoft.Extensions.Options.ConfigurationExtensions": "9.0.0"
        }
      },
      "Microsoft.Extensions.Diagnostics.Abstractions": {
        "type": "Transitive",
        "resolved": "10.0.9",
        "contentHash": "86RgyFsmVslW4Nu28IXgt8tLglynGQrwjk/xhGZaTe8j6YIeR1Ywoc42hSHsBSl920CQdfqq2dBohZiGm3AkUA==",
        "dependencies": {
          "Microsoft.Extensions.DependencyInjection.Abstractions": "10.0.9",
          "Microsoft.Extensions.Options": "10.0.9",
          "System.Diagnostics.DiagnosticSource": "10.0.9"
        }
      },
      "Microsoft.Extensions.FileProviders.Abstractions": {
        "type": "Transitive",
        "resolved": "10.0.9",
        "contentHash": "Oxn4vqDk+EwceTMpZxVm7L/UZEAM1qIQlNP1+7tBZckD+P4SKrm/5X4gMTPCTdpnau/xY8Sb4/0d6onomSg4ZA==",
        "dependencies": {
          "Microsoft.Extensions.Primitives": "10.0.9"
        }
      },
      "Microsoft.Extensions.FileProviders.Physical": {
        "type": "Transitive",
        "resolved": "9.0.0",
        "contentHash": "3+ZUSpOSmie+o8NnLIRqCxSh65XL/ExU7JYnFOg58awDRlY3lVpZ9A369jkoZL1rpsq7LDhEfkn2ghhGaY1y5Q==",
        "dependencies": {
          "Microsoft.Extensions.FileProviders.Abstractions": "9.0.0",
          "Microsoft.Extensions.FileSystemGlobbing": "9.0.0",
          "Microsoft.Extensions.Primitives": "9.0.0"
        }
      },
      "Microsoft.Extensions.FileSystemGlobbing": {
        "type": "Transitive",
        "resolved": "10.0.6",
        "contentHash": "EG9GuYJlj1o1G8maSpKceZdj88OehKFRWaWp8BWUQWlvIJDWD8N0sIYDoRMGL/yX85H8KbVYPR9+dH/UjPEiKw=="
      },
      "Microsoft.Extensions.Logging": {
        "type": "Transitive",
        "resolved": "9.0.0",
        "contentHash": "crjWyORoug0kK7RSNJBTeSE6VX8IQgLf3nUpTB9m62bPXp/tzbnOsnbe8TXEG0AASNaKZddnpHKw7fET8E++Pg==",
        "dependencies": {
          "Microsoft.Extensions.DependencyInjection": "9.0.0",
          "Microsoft.Extensions.Logging.Abstractions": "9.0.0",
          "Microsoft.Extensions.Options": "9.0.0"
        }
      },
      "Microsoft.Extensions.Logging.Configuration": {
        "type": "Transitive",
        "resolved": "9.0.0",
        "contentHash": "H05HiqaNmg6GjH34ocYE9Wm1twm3Oz2aXZko8GTwGBzM7op2brpAA8pJ5yyD1OpS1mXUtModBYOlcZ/wXeWsSg==",
        "dependencies": {
          "Microsoft.Extensions.Configuration": "9.0.0",
          "Microsoft.Extensions.Configuration.Abstractions": "9.0.0",
          "Microsoft.Extensions.Configuration.Binder": "9.0.0",
          "Microsoft.Extensions.DependencyInjection.Abstractions": "9.0.0",
          "Microsoft.Extensions.Logging": "9.0.0",
          "Microsoft.Extensions.Logging.Abstractions": "9.0.0",
          "Microsoft.Extensions.Options": "9.0.0",
          "Microsoft.Extensions.Options.ConfigurationExtensions": "9.0.0"
        }
      },
      "Microsoft.Extensions.Logging.Console": {
        "type": "Transitive",
        "resolved": "9.0.0",
        "contentHash": "yDZ4zsjl7N0K+R/1QTNpXBd79Kaf4qNLHtjk4NaG82UtNg2Z6etJywwv6OarOv3Rp7ocU7uIaRY4CrzHRO/d3w==",
        "dependencies": {
          "Microsoft.Extensions.DependencyInjection.Abstractions": "9.0.0",
          "Microsoft.Extensions.Logging": "9.0.0",
          "Microsoft.Extensions.Logging.Abstractions": "9.0.0",
          "Microsoft.Extensions.Logging.Configuration": "9.0.0",
          "Microsoft.Extensions.Options": "9.0.0"
        }
      },
      "Microsoft.Extensions.Logging.Debug": {
        "type": "Transitive",
        "resolved": "9.0.0",
        "contentHash": "4wGlHsrLhYjLw4sFkfRixu2w4DK7dv60OjbvgbLGhUJk0eUPxYHhnszZ/P18nnAkfrPryvtOJ3ZTVev0kpqM6A==",
        "dependencies": {
          "Microsoft.Extensions.DependencyInjection.Abstractions": "9.0.0",
          "Microsoft.Extensions.Logging": "9.0.0",
          "Microsoft.Extensions.Logging.Abstractions": "9.0.0"
        }
      },
      "Microsoft.Extensions.Logging.EventLog": {
        "type": "Transitive",
        "resolved": "9.0.0",
        "contentHash": "/B8I5bScondnLMNULA3PBu/7Gvmv/P7L83j7gVrmLh6R+HCgHqUNIwVvzCok4ZjIXN2KxrsONHjFYwoBK5EJgQ==",
        "dependencies": {
          "Microsoft.Extensions.DependencyInjection.Abstractions": "9.0.0",
          "Microsoft.Extensions.Logging": "9.0.0",
          "Microsoft.Extensions.Logging.Abstractions": "9.0.0",
          "Microsoft.Extensions.Options": "9.0.0",
          "System.Diagnostics.EventLog": "9.0.0"
        }
      },
      "Microsoft.Extensions.Logging.EventSource": {
        "type": "Transitive",
        "resolved": "9.0.0",
        "contentHash": "zvSjdOAb3HW3aJPM5jf+PR9UoIkoci9id80RXmBgrDEozWI0GDw8tdmpyZgZSwFDvGCwHFodFLNQaeH8879rlA==",
        "dependencies": {
          "Microsoft.Extensions.DependencyInjection.Abstractions": "9.0.0",
          "Microsoft.Extensions.Logging": "9.0.0",
          "Microsoft.Extensions.Logging.Abstractions": "9.0.0",
          "Microsoft.Extensions.Options": "9.0.0",
          "Microsoft.Extensions.Primitives": "9.0.0"
        }
      },
      "Microsoft.Extensions.ObjectPool": {
        "type": "Transitive",
        "resolved": "9.0.15",
        "contentHash": "PgsXqHmnN5HuElQ3T+hfFzzVkq3Lajdw9i+96ru/h4ctHS/Vx4zKTX7Nrzo7TXNFkle0aTFNLhrYDC99g6Uz3w=="
      },
      "Microsoft.Extensions.Primitives": {
        "type": "Transitive",
        "resolved": "10.0.11",
        "contentHash": "SXcz+kF+4Oo9b1+55zntpJFYfwb1jw66ioxptyNOOTDc8g2FHnBFWjZpsWfCvZIhzr0x+4e2trVTs4OKwQfBtw=="
      },
      "Microsoft.Extensions.VectorData.Abstractions": {
        "type": "Transitive",
        "resolved": "10.7.0",
        "contentHash": "eh0JLxoztc9Wz7TrFVRQyotMY9CBh2t22lMPvzy61yaBDDFBsrisrFOD4NId2z/ujwsHVKDtyfDb9tkXwSV5Vw==",
        "dependencies": {
          "Microsoft.Extensions.AI.Abstractions": "10.7.0"
        }
      },
      "Microsoft.Identity.Client": {
        "type": "Transitive",
        "resolved": "4.66.1",
        "contentHash": "mE+m3pZ7zSKocSubKXxwZcUrCzLflC86IdLxrVjS8tialy0b1L+aECBqRBC/ykcPlB4y7skg49TaTiA+O2UfDw==",
        "dependencies": {
          "Microsoft.IdentityModel.Abstractions": "6.35.0",
          "System.Diagnostics.DiagnosticSource": "6.0.1"
        }
      },
      "Microsoft.Identity.Client.Extensions.Msal": {
        "type": "Transitive",
        "resolved": "4.66.1",
        "contentHash": "osgt1J9Rve3LO7wXqpWoFx9UFjl0oeqoUMK/xEru7dvafQ28RgV1A17CoCGCCRSUbgDQ4Arg5FgGK2lQ3lXR4A==",
        "dependencies": {
          "Microsoft.Identity.Client": "4.66.1",
          "System.Security.Cryptography.ProtectedData": "4.5.0"
        }
      },
      "Microsoft.IdentityModel.Abstractions": {
        "type": "Transitive",
        "resolved": "6.35.0",
        "contentHash": "xuR8E4Rd96M41CnUSCiOJ2DBh+z+zQSmyrYHdYhD6K4fXBcQGVnRCFQ0efROUYpP+p0zC1BLKr0JRpVuujTZSg=="
      },
      "Microsoft.ML.Tokenizers": {
        "type": "Transitive",
        "resolved": "2.0.0",
        "contentHash": "+b8lT4cLLO/sBR2hjvE/qG6qrZG15h7/PBvnIrzTh4xDaAxdHUY6449rC+1pHzQUsBiCHZVbj+VMn+xS0sL7TA==",
        "dependencies": {
          "Google.Protobuf": "3.30.2"
        }
      },
      "Microsoft.TestPlatform.ObjectModel": {
        "type": "Transitive",
        "resolved": "17.11.1",
        "contentHash": "E2jZqAU6JeWEVsyOEOrSW1o1bpHLgb25ypvKNB/moBXPVsFYBPd/Jwi7OrYahG50J83LfHzezYI+GaEkpAotiA==",
        "dependencies": {
          "System.Reflection.Metadata": "1.6.0"
        }
      },
      "Microsoft.TestPlatform.TestHost": {
        "type": "Transitive",
        "resolved": "17.11.1",
        "contentHash": "DnG+GOqJXO/CkoqlJWeDFTgPhqD/V6VqUIL3vINizCWZ3X+HshCtbbyDdSHQQEjrc2Sl/K3yaxX6s+5LFEdYuw==",
        "dependencies": {
          "Microsoft.TestPlatform.ObjectModel": "17.11.1",
          "Newtonsoft.Json": "13.0.1"
        }
      },
      "Newtonsoft.Json": {
        "type": "Transitive",
        "resolved": "13.0.1",
        "contentHash": "ppPFpBcvxdsfUonNcvITKqLl3bqxWbDCZIzDWHzjpdAHRFfZe0Dw9HmA0+za13IdyrgJwpkDTDA9fHaxOrt20A=="
      },
      "OpenAI": {
        "type": "Transitive",
        "resolved": "2.10.0",
        "contentHash": "e5gAhMDcX5bFmmtR+lT6qZxJoaGb0SkIplPUUdKwcC4xerCh471hTIsrvfkou7scfZD9YQk6C06dP3NwBqHw1A==",
        "dependencies": {
          "System.ClientModel": "1.10.0",
          "System.Net.ServerSentEvents": "10.0.2"
        }
      },
      "System.ClientModel": {
        "type": "Transitive",
        "resolved": "1.15.0",
        "contentHash": "y6zQLInrpX+oGL1gXM04DrUSu1O1esWxt4rD/zrujTnzIFChn/noD1OiVVpTrU8ZvglwqO2Uw038svUR3SiAOg==",
        "dependencies": {
          "Microsoft.Extensions.Configuration.Abstractions": "10.0.9",
          "Microsoft.Extensions.Hosting.Abstractions": "10.0.9",
          "Microsoft.Extensions.Logging.Abstractions": "10.0.9",
          "System.Diagnostics.DiagnosticSource": "10.0.9",
          "System.Memory.Data": "10.0.9",
          "System.Net.ServerSentEvents": "10.0.9",
          "System.Text.Json": "10.0.9"
        }
      },
      "System.Diagnostics.EventLog": {
        "type": "Transitive",
        "resolved": "9.0.0",
        "contentHash": "qd01+AqPhbAG14KtdtIqFk+cxHQFZ/oqRSCoxU1F+Q6Kv0cl726sl7RzU9yLFGd4BUOKdN4XojXF0pQf/R6YeA=="
      },
      "System.IO.Pipelines": {
        "type": "Transitive",
        "resolved": "10.0.11",
        "contentHash": "rg8LPOZ62quw3aTnsQNh9rssncaMs69WEM1DiJdDkV+o4Llb2s5Pasy5Bulfm8zL+pE4gDcSQo7V2zW2jvxwYg=="
      },
      "System.Memory": {
        "type": "Transitive",
        "resolved": "4.5.5",
        "contentHash": "XIWiDvKPXaTveaB7HVganDlOCRoj03l+jrwNvcge/t8vhGYKvqV+dMv6G4SAX2NoNmN0wZfVPTAlFwZcZvVOUw=="
      },
      "System.Memory.Data": {
        "type": "Transitive",
        "resolved": "10.0.9",
        "contentHash": "YweovHiLUoEdbr2Xv8eRqCSkTu1vMms4a6xBHaQiMSFVy32PL+hXv6Vhol2NWOmLHjaVgTyhJ3R52U6JxS6w3Q==",
        "dependencies": {
          "System.Text.Json": "10.0.9"
        }
      },
      "System.Net.ServerSentEvents": {
        "type": "Transitive",
        "resolved": "10.0.10",
        "contentHash": "1m3dGOl5YI9VhOE+MPCSII+WXZcyYVr5D/UbBifOUxkrx2npczhWjdl0PYZ1tMGygVce1mIfUDhdM1LBiEQFNw=="
      },
      "System.Numerics.Tensors": {
        "type": "Transitive",
        "resolved": "10.0.11",
        "contentHash": "4jNNt67NhCqf3bf2FN0mrsC+EH60L7Sny6poqVeiviB27Kw7TQzMmgn8HIaPc8E9EcuGusUyfeu21gLfzcBpDA=="
      },
      "System.Numerics.Vectors": {
        "type": "Transitive",
        "resolved": "4.5.0",
        "contentHash": "QQTlPTl06J/iiDbJCiepZ4H//BVraReU4O4EoRw1U02H5TLUIT7xn3GnDp9AXPSlJUDyFs4uWjWafNX6WrAojQ=="
      },
      "System.Reflection.Metadata": {
        "type": "Transitive",
        "resolved": "1.6.0",
        "contentHash": "COC1aiAJjCoA5GBF+QKL2uLqEBew4JsCkQmoHKbN3TlOZKa2fKLz5CpiRQKDz0RsAOEGsVKqOD5bomsXq/4STQ=="
      },
      "System.Security.Cryptography.ProtectedData": {
        "type": "Transitive",
        "resolved": "4.5.0",
        "contentHash": "wLBKzFnDCxP12VL9ANydSYhk59fC4cvOr9ypYQLPnAj48NQIhqnjdD2yhP8yEKyBJEjERWS9DisKL7rX5eU25Q=="
      },
      "System.Text.Encodings.Web": {
        "type": "Transitive",
        "resolved": "10.0.11",
        "contentHash": "R7H2/Oqr3onFff/JKDpfRjwxcQZlocF/eQ0ce8go/OTjqz+6LEp/fZK8j1YnDobtysChATEg7krVq4hQJ3IoeQ=="
      },
      "System.Text.Json": {
        "type": "Transitive",
        "resolved": "10.0.11",
        "contentHash": "X2rXQy7g8KEUvWVbAz6vOk6byI1eMgmzFeXbKxq4BfZCfFy5S91K+K+hd4ZBlSp0wL1Y8FyGRXs6+hvABTjwQw==",
        "dependencies": {
          "System.IO.Pipelines": "10.0.11",
          "System.Text.Encodings.Web": "10.0.11"
        }
      },
      "System.Threading.Channels": {
        "type": "Transitive",
        "resolved": "10.0.11",
        "contentHash": "UvDZ9CCHB+4NX2lI+QvT1MFb4Ly4iw0KmQ1/WokHc4yFD6SoQ9Odxy1e0TRAN4ncqMkJulfeBDzugNwn0GMFUA=="
      },
      "System.Threading.Tasks.Extensions": {
        "type": "Transitive",
        "resolved": "4.5.4",
        "contentHash": "zteT+G8xuGu6mS+mzDzYXbzS7rd3K6Fjb9RiZlYlJPam2/hU7JCBZBVEcywNuR+oZ1ncTvc/cq0faRr3P01OVg=="
      },
      "Validation": {
        "type": "Transitive",
        "resolved": "2.5.51",
        "contentHash": "g/Aug7PVWaenlJ0QUyt/mEetngkQNsMCuNeRVXbcJED1nZS7JcK+GTU4kz3jcQ7bFuKfi8PF4ExXH7XSFNuSLQ=="
      },
      "xunit.abstractions": {
        "type": "Transitive",
        "resolved": "2.0.3",
        "contentHash": "pot1I4YOxlWjIb5jmwvvQNbTrZ3lJQ+jUGkGjWE3hEFM0l5gOnBWS+H3qsex68s5cO52g+44vpGzhAt+42vwKg=="
      },
      "xunit.analyzers": {
        "type": "Transitive",
        "resolved": "1.16.0",
        "contentHash": "hptYM7vGr46GUIgZt21YHO4rfuBAQS2eINbFo16CV/Dqq+24Tp+P5gDCACu1AbFfW4Sp/WRfDPSK8fmUUb8s0Q=="
      },
      "xunit.assert": {
        "type": "Transitive",
        "resolved": "2.9.2",
        "contentHash": "QkNBAQG4pa66cholm28AxijBjrmki98/vsEh4Sx5iplzotvPgpiotcxqJQMRC8d7RV7nIT8ozh97957hDnZwsQ=="
      },
      "xunit.core": {
        "type": "Transitive",
        "resolved": "2.9.2",
        "contentHash": "O6RrNSdmZ0xgEn5kT927PNwog5vxTtKrWMihhhrT0Sg9jQ7iBDciYOwzBgP2krBEk5/GBXI18R1lKvmnxGcb4w==",
        "dependencies": {
          "xunit.extensibility.core": "[2.9.2]",
          "xunit.extensibility.execution": "[2.9.2]"
        }
      },
      "xunit.extensibility.core": {
        "type": "Transitive",
        "resolved": "2.9.2",
        "contentHash": "Ol+KlBJz1x8BrdnhN2DeOuLrr1I/cTwtHCggL9BvYqFuVd/TUSzxNT5O0NxCIXth30bsKxgMfdqLTcORtM52yQ==",
        "dependencies": {
          "xunit.abstractions": "2.0.3"
        }
      },
      "xunit.extensibility.execution": {
        "type": "Transitive",
        "resolved": "2.9.2",
        "contentHash": "rKMpq4GsIUIJibXuZoZ8lYp5EpROlnYaRpwu9Zr0sRZXE7JqJfEEbCsUriZqB+ByXCLFBJyjkTRULMdC+U566g==",
        "dependencies": {
          "xunit.extensibility.core": "[2.9.2]"
        }
      },
      "sterlingvale.agentshared": {
        "type": "Project",
        "dependencies": {
          "JsonSchema.Net": "[7.3.0, )",
          "Microsoft.Agents.AI": "[1.19.0, )",
          "Microsoft.Extensions.AI": "[10.9.0, )",
          "SterlingVale.Application": "[1.0.0, )",
          "SterlingVale.Telemetry": "[1.0.0, )",
          "SterlingVale.Tools": "[1.0.0, )"
        }
      },
      "sterlingvale.api.shared": {
        "type": "Project",
        "dependencies": {
          "SterlingVale.AgentShared": "[1.0.0, )"
        }
      },
      "sterlingvale.application": {
        "type": "Project",
        "dependencies": {
          "SterlingVale.Domain": "[1.0.0, )"
        }
      },
      "sterlingvale.codeact": {
        "type": "Project",
        "dependencies": {
          "Microsoft.Agents.AI": "[1.19.0, )",
          "Microsoft.Agents.AI.Hyperlight": "[1.19.0-preview.260822.1, )",
          "Microsoft.Extensions.AI": "[10.9.0, )",
          "SterlingVale.AgentShared": "[1.0.0, )",
          "SterlingVale.Tools": "[1.0.0, )"
        }
      },
      "sterlingvale.codeact.api": {
        "type": "Project",
        "dependencies": {
          "SterlingVale.AgentShared": "[1.0.0, )",
          "SterlingVale.Api.Shared": "[1.0.0, )",
          "SterlingVale.CodeAct": "[1.0.0, )",
          "SterlingVale.Infrastructure": "[1.0.0, )"
        }
      },
      "sterlingvale.datagenerator": {
        "type": "Project",
        "dependencies": {
          "SterlingVale.Domain": "[1.0.0, )"
        }
      },
      "sterlingvale.domain": {
        "type": "Project"
      },
      "sterlingvale.infrastructure": {
        "type": "Project",
        "dependencies": {
          "Azure.AI.OpenAI": "[2.1.0, )",
          "Azure.Identity": "[1.13.1, )",
          "Microsoft.Agents.AI.OpenAI": "[1.19.0, )",
          "Microsoft.Extensions.Configuration.Abstractions": "[10.0.11, )",
          "Microsoft.Extensions.DependencyInjection.Abstractions": "[10.0.11, )",
          "Microsoft.Extensions.Logging.Abstractions": "[10.0.11, )",
          "Microsoft.Extensions.Options": "[10.0.11, )",
          "SterlingVale.AgentShared": "[1.0.0, )",
          "SterlingVale.Application": "[1.0.0, )",
          "SterlingVale.DataGenerator": "[1.0.0, )"
        }
      },
      "sterlingvale.telemetry": {
        "type": "Project",
        "dependencies": {
          "System.Diagnostics.DiagnosticSource": "[9.0.0, )"
        }
      },
      "sterlingvale.tools": {
        "type": "Project",
        "dependencies": {
          "Microsoft.Extensions.AI": "[10.9.0, )",
          "SterlingVale.Application": "[1.0.0, )",
          "SterlingVale.Telemetry": "[1.0.0, )"
        }
      },
      "Azure.AI.OpenAI": {
        "type": "CentralTransitive",
        "requested": "[2.1.0, )",
        "resolved": "2.1.0",
        "contentHash": "doixr3tcsIcdzbzF9NxKt+6U0NKj6aPeOCPYONPsWjyf3gxVndVJAdjPcVdqeR/3vcRHXRgGnGlv+iXx5jMA4g==",
        "dependencies": {
          "Azure.Core": "1.44.1",
          "OpenAI": "2.1.0"
        }
      },
      "Azure.Identity": {
        "type": "CentralTransitive",
        "requested": "[1.13.1, )",
        "resolved": "1.13.1",
        "contentHash": "4eeK9XztjTmvA4WN+qAvlUCSxSv45+LqTMeC8XT2giGGZHKthTMU2IuXcHjAOf5VLH3wE3Bo6EwhIcJxVB8RmQ==",
        "dependencies": {
          "Azure.Core": "1.44.1",
          "Microsoft.Identity.Client": "4.66.1",
          "Microsoft.Identity.Client.Extensions.Msal": "4.66.1",
          "System.Memory": "4.5.5",
          "System.Text.Json": "6.0.10",
          "System.Threading.Tasks.Extensions": "4.5.4"
        }
      },
      "JsonSchema.Net": {
        "type": "CentralTransitive",
        "requested": "[7.3.0, )",
        "resolved": "7.3.0",
        "contentHash": "NjVeRnxnU6WMn6kmQ/t/VyfnAVT34wWMw8LmUNE0TgIju2YKWvQWsjWTipUaR1bZJA7b/2brAu+xIleJnGFiPw==",
        "dependencies": {
          "JsonPointer.Net": "5.0.0"
        }
      },
      "Microsoft.Agents.AI": {
        "type": "CentralTransitive",
        "requested": "[1.19.0, )",
        "resolved": "1.19.0",
        "contentHash": "t8scDj5Qx0xUT8owJdUYBIwlEbSUBpYFAhtf0nfhERSWi3IQ8637gfOuZsvW3IIRsUSjq966fOgrJXjBp6R22A==",
        "dependencies": {
          "Microsoft.Agents.AI.Abstractions": "1.19.0",
          "Microsoft.Extensions.AI": "10.9.0",
          "Microsoft.Extensions.AI.Abstractions": "10.9.0",
          "Microsoft.Extensions.AI.Evaluation": "10.9.0",
          "Microsoft.Extensions.Compliance.Abstractions": "10.5.0",
          "Microsoft.Extensions.DependencyInjection.Abstractions": "10.0.11",
          "Microsoft.Extensions.FileSystemGlobbing": "10.0.6",
          "Microsoft.Extensions.Logging.Abstractions": "10.0.11",
          "Microsoft.Extensions.VectorData.Abstractions": "10.7.0",
          "Microsoft.ML.Tokenizers": "2.0.0",
          "System.Diagnostics.DiagnosticSource": "10.0.11",
          "System.Text.Json": "10.0.11",
          "System.Threading.Channels": "10.0.11"
        }
      },
      "Microsoft.Agents.AI.OpenAI": {
        "type": "CentralTransitive",
        "requested": "[1.19.0, )",
        "resolved": "1.19.0",
        "contentHash": "OPBTohcVH8X8vHdwYNqtqAt6GEAu73/ACWlBL8cFk06a9zxJGNB6hm6gSeQa7YI9X5SVycvJYRkiG2d35n64tg==",
        "dependencies": {
          "Microsoft.Agents.AI": "1.19.0",
          "Microsoft.Extensions.AI": "10.9.0",
          "Microsoft.Extensions.AI.Abstractions": "10.9.0",
          "Microsoft.Extensions.AI.Evaluation": "10.9.0",
          "Microsoft.Extensions.AI.OpenAI": "10.6.0",
          "Microsoft.Extensions.Compliance.Abstractions": "10.5.0",
          "Microsoft.Extensions.DependencyInjection.Abstractions": "10.0.11",
          "Microsoft.Extensions.FileSystemGlobbing": "10.0.6",
          "Microsoft.Extensions.Logging.Abstractions": "10.0.11",
          "Microsoft.Extensions.VectorData.Abstractions": "10.7.0",
          "Microsoft.ML.Tokenizers": "2.0.0",
          "OpenAI": "2.10.0",
          "System.ClientModel": "1.15.0",
          "System.Diagnostics.DiagnosticSource": "10.0.11",
          "System.Net.ServerSentEvents": "10.0.10",
          "System.Text.Json": "10.0.11",
          "System.Threading.Channels": "10.0.11"
        }
      },
      "Microsoft.Extensions.AI": {
        "type": "CentralTransitive",
        "requested": "[10.9.0, )",
        "resolved": "10.9.0",
        "contentHash": "ymREzi/+uQ9KL0d0ir3FXHUb/XLHyLYcJYH/7A/uO6rg6Km8hUk++nMRG4/gDpDYrrU6s6YIpSDTexofexMGRg==",
        "dependencies": {
          "Microsoft.Extensions.AI.Abstractions": "10.9.0",
          "Microsoft.Extensions.Caching.Abstractions": "10.0.11",
          "Microsoft.Extensions.DependencyInjection.Abstractions": "10.0.11",
          "Microsoft.Extensions.Logging.Abstractions": "10.0.11",
          "System.Diagnostics.DiagnosticSource": "10.0.11",
          "System.Numerics.Tensors": "10.0.11",
          "System.Text.Json": "10.0.11",
          "System.Threading.Channels": "10.0.11"
        }
      },
      "Microsoft.Extensions.AI.Abstractions": {
        "type": "CentralTransitive",
        "requested": "[10.9.0, )",
        "resolved": "10.9.0",
        "contentHash": "//nASHMCJVxnYfE/WSzfaLOao6/q816kPpgB9rxU0gfSmAny1u3rfQT0D4xAmcIo4yQqJs7rAeBB+M/dIMdZYA==",
        "dependencies": {
          "System.Text.Json": "10.0.11"
        }
      },
      "Microsoft.Extensions.Configuration.Abstractions": {
        "type": "CentralTransitive",
        "requested": "[10.0.11, )",
        "resolved": "10.0.11",
        "contentHash": "fVi053xdpda9Em7vSkmgVxO/PtgC2m78ekReKWsgcyskqY0U82Bz/MONwxpGzI0hElYKJfw+fupqMVeKW3fSaA==",
        "dependencies": {
          "Microsoft.Extensions.Primitives": "10.0.11"
        }
      },
      "Microsoft.Extensions.DependencyInjection.Abstractions": {
        "type": "CentralTransitive",
        "requested": "[10.0.11, )",
        "resolved": "10.0.11",
        "contentHash": "/a1aJz4m7ylhEDf25ugQChLQoN5XwoGjWw/BoR/ZWWKsO1v4DdJElS1uyngahz4B/eOzjFk1KNTkarRLE5wsIg=="
      },
      "Microsoft.Extensions.Hosting": {
        "type": "CentralTransitive",
        "requested": "[10.0.11, )",
        "resolved": "9.0.0",
        "contentHash": "wNmQWRCa83HYbpxQ3wH7xBn8oyGjONSj1k8svzrFUFyJMfg/Ja/g0NfI0p85wxlUxBh97A6ypmL8X5vVUA5y2Q==",
        "dependencies": {
          "Microsoft.Extensions.Configuration": "9.0.0",
          "Microsoft.Extensions.Configuration.Abstractions": "9.0.0",
          "Microsoft.Extensions.Configuration.Binder": "9.0.0",
          "Microsoft.Extensions.Configuration.CommandLine": "9.0.0",
          "Microsoft.Extensions.Configuration.EnvironmentVariables": "9.0.0",
          "Microsoft.Extensions.Configuration.FileExtensions": "9.0.0",
          "Microsoft.Extensions.Configuration.Json": "9.0.0",
          "Microsoft.Extensions.Configuration.UserSecrets": "9.0.0",
          "Microsoft.Extensions.DependencyInjection": "9.0.0",
          "Microsoft.Extensions.DependencyInjection.Abstractions": "9.0.0",
          "Microsoft.Extensions.Diagnostics": "9.0.0",
          "Microsoft.Extensions.FileProviders.Abstractions": "9.0.0",
          "Microsoft.Extensions.FileProviders.Physical": "9.0.0",
          "Microsoft.Extensions.Hosting.Abstractions": "9.0.0",
          "Microsoft.Extensions.Logging": "9.0.0",
          "Microsoft.Extensions.Logging.Abstractions": "9.0.0",
          "Microsoft.Extensions.Logging.Configuration": "9.0.0",
          "Microsoft.Extensions.Logging.Console": "9.0.0",
          "Microsoft.Extensions.Logging.Debug": "9.0.0",
          "Microsoft.Extensions.Logging.EventLog": "9.0.0",
          "Microsoft.Extensions.Logging.EventSource": "9.0.0",
          "Microsoft.Extensions.Options": "9.0.0"
        }
      },
      "Microsoft.Extensions.Hosting.Abstractions": {
        "type": "CentralTransitive",
        "requested": "[10.0.11, )",
        "resolved": "10.0.9",
        "contentHash": "Xd/2F+uWblTiUp+ssaDZN2ea4vmnHmW6PXugmqBHumyhqVkyeh6RJ3S2Zo/F+1bXIL/KuGqe2pKv6UiGOc1KeQ==",
        "dependencies": {
          "Microsoft.Extensions.Configuration.Abstractions": "10.0.9",
          "Microsoft.Extensions.DependencyInjection.Abstractions": "10.0.9",
          "Microsoft.Extensions.Diagnostics.Abstractions": "10.0.9",
          "Microsoft.Extensions.FileProviders.Abstractions": "10.0.9",
          "Microsoft.Extensions.Logging.Abstractions": "10.0.9"
        }
      },
      "Microsoft.Extensions.Logging.Abstractions": {
        "type": "CentralTransitive",
        "requested": "[10.0.11, )",
        "resolved": "10.0.11",
        "contentHash": "Ljd0Uxoq5XpScD2Bg0nM/r3mwx7Ao5Uq24eo2ARxbGvqJ7Zht6rt2cJtwVRH4Cv+1ZVMdXz6TB43KbpmsxRrvQ==",
        "dependencies": {
          "Microsoft.Extensions.DependencyInjection.Abstractions": "10.0.11",
          "System.Diagnostics.DiagnosticSource": "10.0.11"
        }
      },
      "Microsoft.Extensions.Options": {
        "type": "CentralTransitive",
        "requested": "[10.0.11, )",
        "resolved": "10.0.11",
        "contentHash": "eY1GAKcTfD2maP27J84X9IovT3yjHJ2dVDzPmDg6/XqYvt3jMzJhtfQCLjG9pVsZGAd+8DQ2QrjaDcs2+VQLGw==",
        "dependencies": {
          "Microsoft.Extensions.DependencyInjection.Abstractions": "10.0.11",
          "Microsoft.Extensions.Primitives": "10.0.11"
        }
      },
      "Microsoft.Extensions.Options.ConfigurationExtensions": {
        "type": "CentralTransitive",
        "requested": "[10.0.11, )",
        "resolved": "9.0.0",
        "contentHash": "Ob3FXsXkcSMQmGZi7qP07EQ39kZpSBlTcAZLbJLdI4FIf0Jug8biv2HTavWmnTirchctPlq9bl/26CXtQRguzA==",
        "dependencies": {
          "Microsoft.Extensions.Configuration.Abstractions": "9.0.0",
          "Microsoft.Extensions.Configuration.Binder": "9.0.0",
          "Microsoft.Extensions.DependencyInjection.Abstractions": "9.0.0",
          "Microsoft.Extensions.Options": "9.0.0",
          "Microsoft.Extensions.Primitives": "9.0.0"
        }
      },
      "System.Diagnostics.DiagnosticSource": {
        "type": "CentralTransitive",
        "requested": "[9.0.0, )",
        "resolved": "10.0.11",
        "contentHash": "QoXcAdDhBudxorzYF1F5Uo7FY0CSWgmTjqVRJjcQaYAkbO3dCPXDJajJwyApTGHCJ+T5PfVyKZqXEKZ8PH+UWQ=="
      }
    }
  }
}