
Microsoft Visual Studio Solution File, Format Version 12.00
# Visual Studio Version 17
VisualStudioVersion = 17.0.31903.59
MinimumVisualStudioVersion = 10.0.40219.1
Project("{2150E333-8FDC-42A3-9474-1A3956D46DE8}") = "src", "src", "{827E0CD3-B72D-47B6-A68D-7590B98EB39B}"
EndProject
Project("{FAE04EC0-301F-11D3-BF4B-00C04F79EFBC}") = "SterlingVale.Domain", "src\SterlingVale.Domain\SterlingVale.Domain.csproj", "{46DE8209-C6FB-4CA4-B70A-4696D2CB260C}"
EndProject
Project("{FAE04EC0-301F-11D3-BF4B-00C04F79EFBC}") = "SterlingVale.DataGenerator", "src\SterlingVale.DataGenerator\SterlingVale.DataGenerator.csproj", "{EB081C90-C0D2-4E08-9E10-C6584D6C799D}"
EndProject
Project("{FAE04EC0-301F-11D3-BF4B-00C04F79EFBC}") = "SterlingVale.Domain.Tests", "tests\SterlingVale.Domain.Tests\SterlingVale.Domain.Tests.csproj", "{F0317080-E625-4C25-B7AD-9A5572B1ACDF}"
EndProject
Project("{FAE04EC0-301F-11D3-BF4B-00C04F79EFBC}") = "SterlingVale.Data.Tests", "tests\SterlingVale.Data.Tests\SterlingVale.Data.Tests.csproj", "{CC204F6C-E04C-4094-AA6B-2EB5A5B698E4}"
EndProject
Project("{FAE04EC0-301F-11D3-BF4B-00C04F79EFBC}") = "SterlingVale.Application", "src\SterlingVale.Application\SterlingVale.Application.csproj", "{3E4AEACD-E403-4223-85C1-9021F97AB06A}"
EndProject
Project("{2150E333-8FDC-42A3-9474-1A3956D46DE8}") = "tests", "tests", "{0AB3BF05-4346-4AA6-1389-037BE0695223}"
EndProject
Project("{FAE04EC0-301F-11D3-BF4B-00C04F79EFBC}") = "SterlingVale.Application.Tests", "tests\SterlingVale.Application.Tests\SterlingVale.Application.Tests.csproj", "{697ED399-88B2-4B85-909B-216E0550851E}"
EndProject
Project("{FAE04EC0-301F-11D3-BF4B-00C04F79EFBC}") = "SterlingVale.Telemetry", "src\SterlingVale.Telemetry\SterlingVale.Telemetry.csproj", "{DEB3784B-CFD7-4660-8D0A-0CB7BB29080F}"
EndProject
Project("{FAE04EC0-301F-11D3-BF4B-00C04F79EFBC}") = "SterlingVale.Tools", "src\SterlingVale.Tools\SterlingVale.Tools.csproj", "{3FA71313-F494-480D-8100-94DA46575956}"
EndProject
Project("{FAE04EC0-301F-11D3-BF4B-00C04F79EFBC}") = "SterlingVale.Tools.Tests", "tests\SterlingVale.Tools.Tests\SterlingVale.Tools.Tests.csproj", "{49B97813-8510-41AC-B763-42131C61137C}"
EndProject
Project("{FAE04EC0-301F-11D3-BF4B-00C04F79EFBC}") = "SterlingVale.AgentShared", "src\SterlingVale.AgentShared\SterlingVale.AgentShared.csproj", "{B65E3545-4A39-4906-BED3-5520D9DF7BA5}"
EndProject
Project("{FAE04EC0-301F-11D3-BF4B-00C04F79EFBC}") = "SterlingVale.AgentShared.Tests", "tests\SterlingVale.AgentShared.Tests\SterlingVale.AgentShared.Tests.csproj", "{CB8E6F90-2991-44A5-8796-7DC35BCACE22}"
EndProject
Project("{FAE04EC0-301F-11D3-BF4B-00C04F79EFBC}") = "SterlingVale.Infrastructure", "src\SterlingVale.Infrastructure\SterlingVale.Infrastructure.csproj", "{49D72E0E-2C23-497B-82A7-5AE7CA4EB674}"
EndProject
Project("{FAE04EC0-301F-11D3-BF4B-00C04F79EFBC}") = "SterlingVale.Classic.Api", "src\SterlingVale.Classic.Api\SterlingVale.Classic.Api.csproj", "{B38A4F29-910F-41FA-8839-A636DF9872FB}"
EndProject
Project("{FAE04EC0-301F-11D3-BF4B-00C04F79EFBC}") = "SterlingVale.Classic.IntegrationTests", "tests\SterlingVale.Classic.IntegrationTests\SterlingVale.Classic.IntegrationTests.csproj", "{28D2C66C-7C97-4887-8ECA-525C6A3E41A4}"
EndProject
Project("{FAE04EC0-301F-11D3-BF4B-00C04F79EFBC}") = "SterlingVale.Api.Shared", "src\SterlingVale.Api.Shared\SterlingVale.Api.Shared.csproj", "{1375C691-0118-4861-8D11-B87F95171A41}"
EndProject
Project("{FAE04EC0-301F-11D3-BF4B-00C04F79EFBC}") = "SterlingVale.CodeAct.Api", "src\SterlingVale.CodeAct.Api\SterlingVale.CodeAct.Api.csproj", "{34C4607B-2F36-43C1-A414-D39CE19FDBE5}"
EndProject
Project("{FAE04EC0-301F-11D3-BF4B-00C04F79EFBC}") = "SterlingVale.CodeAct.IntegrationTests", "tests\SterlingVale.CodeAct.IntegrationTests\SterlingVale.CodeAct.IntegrationTests.csproj", "{84E7A0E3-5E18-4FA0-B429-555C4733631B}"
EndProject
Project("{FAE04EC0-301F-11D3-BF4B-00C04F79EFBC}") = "SterlingVale.CodeAct", "src\SterlingVale.CodeAct\SterlingVale.CodeAct.csproj", "{2ADAFEE5-D3C6-4F51-94F0-8FF443C74627}"
EndProject
Project("{FAE04EC0-301F-11D3-BF4B-00C04F79EFBC}") = "SterlingVale.Benchmark", "src\SterlingVale.Benchmark\SterlingVale.Benchmark.csproj", "{B894567F-C34E-40B1-9B0D-92E7F2286E0D}"
EndProject
Project("{FAE04EC0-301F-11D3-BF4B-00C04F79EFBC}") = "SterlingVale.Comparison.Tests", "tests\SterlingVale.Comparison.Tests\SterlingVale.Comparison.Tests.csproj", "{41CD769C-6B4F-43E9-9AD3-17D1A26ECBE6}"
EndProject
Project("{FAE04EC0-301F-11D3-BF4B-00C04F79EFBC}") = "SterlingVale.Architecture.Tests", "tests\SterlingVale.Architecture.Tests\SterlingVale.Architecture.Tests.csproj", "{D9300387-DED0-4FCF-96B1-C2D3B26D2027}"
EndProject
Project("{FAE04EC0-301F-11D3-BF4B-00C04F79EFBC}") = "SterlingVale.Contract.Tests", "tests\SterlingVale.Contract.Tests\SterlingVale.Contract.Tests.csproj", "{BCCCC99D-A7A1-465A-9E26-7789ACC7141F}"
EndProject
Global
	GlobalSection(SolutionConfigurationPlatforms) = preSolution
		Debug|Any CPU = Debug|Any CPU
		Debug|x64 = Debug|x64
		Debug|x86 = Debug|x86
		Release|Any CPU = Release|Any CPU
		Release|x64 = Release|x64
		Release|x86 = Release|x86
	EndGlobalSection
	GlobalSection(ProjectConfigurationPlatforms) = postSolution
		{46DE8209-C6FB-4CA4-B70A-4696D2CB260C}.Debug|Any CPU.ActiveCfg = Debug|Any CPU
		{46DE8209-C6FB-4CA4-B70A-4696D2CB260C}.Debug|Any CPU.Build.0 = Debug|Any CPU
		{46DE8209-C6FB-4CA4-B70A-4696D2CB260C}.Debug|x64.ActiveCfg = Debug|Any CPU
		{46DE8209-C6FB-4CA4-B70A-4696D2CB260C}.Debug|x64.Build.0 = Debug|Any CPU
		{46DE8209-C6FB-4CA4-B70A-4696D2CB260C}.Debug|x86.ActiveCfg = Debug|Any CPU
		{46DE8209-C6FB-4CA4-B70A-4696D2CB260C}.Debug|x86.Build.0 = Debug|Any CPU
		{46DE8209-C6FB-4CA4-B70A-4696D2CB260C}.Release|Any CPU.ActiveCfg = Release|Any CPU
		{46DE8209-C6FB-4CA4-B70A-4696D2CB260C}.Release|Any CPU.Build.0 = Release|Any CPU
		{46DE8209-C6FB-4CA4-B70A-4696D2CB260C}.Release|x64.ActiveCfg = Release|Any CPU
		{46DE8209-C6FB-4CA4-B70A-4696D2CB260C}.Release|x64.Build.0 = Release|Any CPU
		{46DE8209-C6FB-4CA4-B70A-4696D2CB260C}.Release|x86.ActiveCfg = Release|Any CPU
		{46DE8209-C6FB-4CA4-B70A-4696D2CB260C}.Release|x86.Build.0 = Release|Any CPU
		{EB081C90-C0D2-4E08-9E10-C6584D6C799D}.Debug|Any CPU.ActiveCfg = Debug|Any CPU
		{EB081C90-C0D2-4E08-9E10-C6584D6C799D}.Debug|Any CPU.Build.0 = Debug|Any CPU
		{EB081C90-C0D2-4E08-9E10-C6584D6C799D}.Debug|x64.ActiveCfg = Debug|Any CPU
		{EB081C90-C0D2-4E08-9E10-C6584D6C799D}.Debug|x64.Build.0 = Debug|Any CPU
		{EB081C90-C0D2-4E08-9E10-C6584D6C799D}.Debug|x86.ActiveCfg = Debug|Any CPU
		{EB081C90-C0D2-4E08-9E10-C6584D6C799D}.Debug|x86.Build.0 = Debug|Any CPU
		{EB081C90-C0D2-4E08-9E10-C6584D6C799D}.Release|Any CPU.ActiveCfg = Release|Any CPU
		{EB081C90-C0D2-4E08-9E10-C6584D6C799D}.Release|Any CPU.Build.0 = Release|Any CPU
		{EB081C90-C0D2-4E08-9E10-C6584D6C799D}.Release|x64.ActiveCfg = Release|Any CPU
		{EB081C90-C0D2-4E08-9E10-C6584D6C799D}.Release|x64.Build.0 = Release|Any CPU
		{EB081C90-C0D2-4E08-9E10-C6584D6C799D}.Release|x86.ActiveCfg = Release|Any CPU
		{EB081C90-C0D2-4E08-9E10-C6584D6C799D}.Release|x86.Build.0 = Release|Any CPU
		{F0317080-E625-4C25-B7AD-9A5572B1ACDF}.Debug|Any CPU.ActiveCfg = Debug|Any CPU
		{F0317080-E625-4C25-B7AD-9A5572B1ACDF}.Debug|Any CPU.Build.0 = Debug|Any CPU
		{F0317080-E625-4C25-B7AD-9A5572B1ACDF}.Debug|x64.ActiveCfg = Debug|Any CPU
		{F0317080-E625-4C25-B7AD-9A5572B1ACDF}.Debug|x64.Build.0 = Debug|Any CPU
		{F0317080-E625-4C25-B7AD-9A5572B1ACDF}.Debug|x86.ActiveCfg = Debug|Any CPU
		{F0317080-E625-4C25-B7AD-9A5572B1ACDF}.Debug|x86.Build.0 = Debug|Any CPU
		{F0317080-E625-4C25-B7AD-9A5572B1ACDF}.Release|Any CPU.ActiveCfg = Release|Any CPU
		{F0317080-E625-4C25-B7AD-9A5572B1ACDF}.Release|Any CPU.Build.0 = Release|Any CPU
		{F0317080-E625-4C25-B7AD-9A5572B1ACDF}.Release|x64.ActiveCfg = Release|Any CPU
		{F0317080-E625-4C25-B7AD-9A5572B1ACDF}.Release|x64.Build.0 = Release|Any CPU
		{F0317080-E625-4C25-B7AD-9A5572B1ACDF}.Release|x86.ActiveCfg = Release|Any CPU
		{F0317080-E625-4C25-B7AD-9A5572B1ACDF}.Release|x86.Build.0 = Release|Any CPU
		{CC204F6C-E04C-4094-AA6B-2EB5A5B698E4}.Debug|Any CPU.ActiveCfg = Debug|Any CPU
		{CC204F6C-E04C-4094-AA6B-2EB5A5B698E4}.Debug|Any CPU.Build.0 = Debug|Any CPU
		{CC204F6C-E04C-4094-AA6B-2EB5A5B698E4}.Debug|x64.ActiveCfg = Debug|Any CPU
		{CC204F6C-E04C-4094-AA6B-2EB5A5B698E4}.Debug|x64.Build.0 = Debug|Any CPU
		{CC204F6C-E04C-4094-AA6B-2EB5A5B698E4}.Debug|x86.ActiveCfg = Debug|Any CPU
		{CC204F6C-E04C-4094-AA6B-2EB5A5B698E4}.Debug|x86.Build.0 = Debug|Any CPU
		{CC204F6C-E04C-4094-AA6B-2EB5A5B698E4}.Release|Any CPU.ActiveCfg = Release|Any CPU
		{CC204F6C-E04C-4094-AA6B-2EB5A5B698E4}.Release|Any CPU.Build.0 = Release|Any CPU
		{CC204F6C-E04C-4094-AA6B-2EB5A5B698E4}.Release|x64.ActiveCfg = Release|Any CPU
		{CC204F6C-E04C-4094-AA6B-2EB5A5B698E4}.Release|x64.Build.0 = Release|Any CPU
		{CC204F6C-E04C-4094-AA6B-2EB5A5B698E4}.Release|x86.ActiveCfg = Release|Any CPU
		{CC204F6C-E04C-4094-AA6B-2EB5A5B698E4}.Release|x86.Build.0 = Release|Any CPU
		{3E4AEACD-E403-4223-85C1-9021F97AB06A}.Debug|Any CPU.ActiveCfg = Debug|Any CPU
		{3E4AEACD-E403-4223-85C1-9021F97AB06A}.Debug|Any CPU.Build.0 = Debug|Any CPU
		{3E4AEACD-E403-4223-85C1-9021F97AB06A}.Debug|x64.ActiveCfg = Debug|Any CPU
		{3E4AEACD-E403-4223-85C1-9021F97AB06A}.Debug|x64.Build.0 = Debug|Any CPU
		{3E4AEACD-E403-4223-85C1-9021F97AB06A}.Debug|x86.ActiveCfg = Debug|Any CPU
		{3E4AEACD-E403-4223-85C1-9021F97AB06A}.Debug|x86.Build.0 = Debug|Any CPU
		{3E4AEACD-E403-4223-85C1-9021F97AB06A}.Release|Any CPU.ActiveCfg = Release|Any CPU
		{3E4AEACD-E403-4223-85C1-9021F97AB06A}.Release|Any CPU.Build.0 = Release|Any CPU
		{3E4AEACD-E403-4223-85C1-9021F97AB06A}.Release|x64.ActiveCfg = Release|Any CPU
		{3E4AEACD-E403-4223-85C1-9021F97AB06A}.Release|x64.Build.0 = Release|Any CPU
		{3E4AEACD-E403-4223-85C1-9021F97AB06A}.Release|x86.ActiveCfg = Release|Any CPU
		{3E4AEACD-E403-4223-85C1-9021F97AB06A}.Release|x86.Build.0 = Release|Any CPU
		{697ED399-88B2-4B85-909B-216E0550851E}.Debug|Any CPU.ActiveCfg = Debug|Any CPU
		{697ED399-88B2-4B85-909B-216E0550851E}.Debug|Any CPU.Build.0 = Debug|Any CPU
		{697ED399-88B2-4B85-909B-216E0550851E}.Debug|x64.ActiveCfg = Debug|Any CPU
		{697ED399-88B2-4B85-909B-216E0550851E}.Debug|x64.Build.0 = Debug|Any CPU
		{697ED399-88B2-4B85-909B-216E0550851E}.Debug|x86.ActiveCfg = Debug|Any CPU
		{697ED399-88B2-4B85-909B-216E0550851E}.Debug|x86.Build.0 = Debug|Any CPU
		{697ED399-88B2-4B85-909B-216E0550851E}.Release|Any CPU.ActiveCfg = Release|Any CPU
		{697ED399-88B2-4B85-909B-216E0550851E}.Release|Any CPU.Build.0 = Release|Any CPU
		{697ED399-88B2-4B85-909B-216E0550851E}.Release|x64.ActiveCfg = Release|Any CPU
		{697ED399-88B2-4B85-909B-216E0550851E}.Release|x64.Build.0 = Release|Any CPU
		{697ED399-88B2-4B85-909B-216E0550851E}.Release|x86.ActiveCfg = Release|Any CPU
		{697ED399-88B2-4B85-909B-216E0550851E}.Release|x86.Build.0 = Release|Any CPU
		{DEB3784B-CFD7-4660-8D0A-0CB7BB29080F}.Debug|Any CPU.ActiveCfg = Debug|Any CPU
		{DEB3784B-CFD7-4660-8D0A-0CB7BB29080F}.Debug|Any CPU.Build.0 = Debug|Any CPU
		{DEB3784B-CFD7-4660-8D0A-0CB7BB29080F}.Debug|x64.ActiveCfg = Debug|Any CPU
		{DEB3784B-CFD7-4660-8D0A-0CB7BB29080F}.Debug|x64.Build.0 = Debug|Any CPU
		{DEB3784B-CFD7-4660-8D0A-0CB7BB29080F}.Debug|x86.ActiveCfg = Debug|Any CPU
		{DEB3784B-CFD7-4660-8D0A-0CB7BB29080F}.Debug|x86.Build.0 = Debug|Any CPU
		{DEB3784B-CFD7-4660-8D0A-0CB7BB29080F}.Release|Any CPU.ActiveCfg = Release|Any CPU
		{DEB3784B-CFD7-4660-8D0A-0CB7BB29080F}.Release|Any CPU.Build.0 = Release|Any CPU
		{DEB3784B-CFD7-4660-8D0A-0CB7BB29080F}.Release|x64.ActiveCfg = Release|Any CPU
		{DEB3784B-CFD7-4660-8D0A-0CB7BB29080F}.Release|x64.Build.0 = Release|Any CPU
		{DEB3784B-CFD7-4660-8D0A-0CB7BB29080F}.Release|x86.ActiveCfg = Release|Any CPU
		{DEB3784B-CFD7-4660-8D0A-0CB7BB29080F}.Release|x86.Build.0 = Release|Any CPU
		{3FA71313-F494-480D-8100-94DA46575956}.Debug|Any CPU.ActiveCfg = Debug|Any CPU
		{3FA71313-F494-480D-8100-94DA46575956}.Debug|Any CPU.Build.0 = Debug|Any CPU
		{3FA71313-F494-480D-8100-94DA46575956}.Debug|x64.ActiveCfg = Debug|Any CPU
		{3FA71313-F494-480D-8100-94DA46575956}.Debug|x64.Build.0 = Debug|Any CPU
		{3FA71313-F494-480D-8100-94DA46575956}.Debug|x86.ActiveCfg = Debug|Any CPU
		{3FA71313-F494-480D-8100-94DA46575956}.Debug|x86.Build.0 = Debug|Any CPU
		{3FA71313-F494-480D-8100-94DA46575956}.Release|Any CPU.ActiveCfg = Release|Any CPU
		{3FA71313-F494-480D-8100-94DA46575956}.Release|Any CPU.Build.0 = Release|Any CPU
		{3FA71313-F494-480D-8100-94DA46575956}.Release|x64.ActiveCfg = Release|Any CPU
		{3FA71313-F494-480D-8100-94DA46575956}.Release|x64.Build.0 = Release|Any CPU
		{3FA71313-F494-480D-8100-94DA46575956}.Release|x86.ActiveCfg = Release|Any CPU
		{3FA71313-F494-480D-8100-94DA46575956}.Release|x86.Build.0 = Release|Any CPU
		{49B97813-8510-41AC-B763-42131C61137C}.Debug|Any CPU.ActiveCfg = Debug|Any CPU
		{49B97813-8510-41AC-B763-42131C61137C}.Debug|Any CPU.Build.0 = Debug|Any CPU
		{49B97813-8510-41AC-B763-42131C61137C}.Debug|x64.ActiveCfg = Debug|Any CPU
		{49B97813-8510-41AC-B763-42131C61137C}.Debug|x64.Build.0 = Debug|Any CPU
		{49B97813-8510-41AC-B763-42131C61137C}.Debug|x86.ActiveCfg = Debug|Any CPU
		{49B97813-8510-41AC-B763-42131C61137C}.Debug|x86.Build.0 = Debug|Any CPU
		{49B97813-8510-41AC-B763-42131C61137C}.Release|Any CPU.ActiveCfg = Release|Any CPU
		{49B97813-8510-41AC-B763-42131C61137C}.Release|Any CPU.Build.0 = Release|Any CPU
		{49B97813-8510-41AC-B763-42131C61137C}.Release|x64.ActiveCfg = Release|Any CPU
		{49B97813-8510-41AC-B763-42131C61137C}.Release|x64.Build.0 = Release|Any CPU
		{49B97813-8510-41AC-B763-42131C61137C}.Release|x86.ActiveCfg = Release|Any CPU
		{49B97813-8510-41AC-B763-42131C61137C}.Release|x86.Build.0 = Release|Any CPU
		{B65E3545-4A39-4906-BED3-5520D9DF7BA5}.Debug|Any CPU.ActiveCfg = Debug|Any CPU
		{B65E3545-4A39-4906-BED3-5520D9DF7BA5}.Debug|Any CPU.Build.0 = Debug|Any CPU
		{B65E3545-4A39-4906-BED3-5520D9DF7BA5}.Debug|x64.ActiveCfg = Debug|Any CPU
		{B65E3545-4A39-4906-BED3-5520D9DF7BA5}.Debug|x64.Build.0 = Debug|Any CPU
		{B65E3545-4A39-4906-BED3-5520D9DF7BA5}.Debug|x86.ActiveCfg = Debug|Any CPU
		{B65E3545-4A39-4906-BED3-5520D9DF7BA5}.Debug|x86.Build.0 = Debug|Any CPU
		{B65E3545-4A39-4906-BED3-5520D9DF7BA5}.Release|Any CPU.ActiveCfg = Release|Any CPU
		{B65E3545-4A39-4906-BED3-5520D9DF7BA5}.Release|Any CPU.Build.0 = Release|Any CPU
		{B65E3545-4A39-4906-BED3-5520D9DF7BA5}.Release|x64.ActiveCfg = Release|Any CPU
		{B65E3545-4A39-4906-BED3-5520D9DF7BA5}.Release|x64.Build.0 = Release|Any CPU
		{B65E3545-4A39-4906-BED3-5520D9DF7BA5}.Release|x86.ActiveCfg = Release|Any CPU
		{B65E3545-4A39-4906-BED3-5520D9DF7BA5}.Release|x86.Build.0 = Release|Any CPU
		{CB8E6F90-2991-44A5-8796-7DC35BCACE22}.Debug|Any CPU.ActiveCfg = Debug|Any CPU
		{CB8E6F90-2991-44A5-8796-7DC35BCACE22}.Debug|Any CPU.Build.0 = Debug|Any CPU
		{CB8E6F90-2991-44A5-8796-7DC35BCACE22}.Debug|x64.ActiveCfg = Debug|Any CPU
		{CB8E6F90-2991-44A5-8796-7DC35BCACE22}.Debug|x64.Build.0 = Debug|Any CPU
		{CB8E6F90-2991-44A5-8796-7DC35BCACE22}.Debug|x86.ActiveCfg = Debug|Any CPU
		{CB8E6F90-2991-44A5-8796-7DC35BCACE22}.Debug|x86.Build.0 = Debug|Any CPU
		{CB8E6F90-2991-44A5-8796-7DC35BCACE22}.Release|Any CPU.ActiveCfg = Release|Any CPU
		{CB8E6F90-2991-44A5-8796-7DC35BCACE22}.Release|Any CPU.Build.0 = Release|Any CPU
		{CB8E6F90-2991-44A5-8796-7DC35BCACE22}.Release|x64.ActiveCfg = Release|Any CPU
		{CB8E6F90-2991-44A5-8796-7DC35BCACE22}.Release|x64.Build.0 = Release|Any CPU
		{CB8E6F90-2991-44A5-8796-7DC35BCACE22}.Release|x86.ActiveCfg = Release|Any CPU
		{CB8E6F90-2991-44A5-8796-7DC35BCACE22}.Release|x86.Build.0 = Release|Any CPU
		{49D72E0E-2C23-497B-82A7-5AE7CA4EB674}.Debug|Any CPU.ActiveCfg = Debug|Any CPU
		{49D72E0E-2C23-497B-82A7-5AE7CA4EB674}.Debug|Any CPU.Build.0 = Debug|Any CPU
		{49D72E0E-2C23-497B-82A7-5AE7CA4EB674}.Debug|x64.ActiveCfg = Debug|Any CPU
		{49D72E0E-2C23-497B-82A7-5AE7CA4EB674}.Debug|x64.Build.0 = Debug|Any CPU
		{49D72E0E-2C23-497B-82A7-5AE7CA4EB674}.Debug|x86.ActiveCfg = Debug|Any CPU
		{49D72E0E-2C23-497B-82A7-5AE7CA4EB674}.Debug|x86.Build.0 = Debug|Any CPU
		{49D72E0E-2C23-497B-82A7-5AE7CA4EB674}.Release|Any CPU.ActiveCfg = Release|Any CPU
		{49D72E0E-2C23-497B-82A7-5AE7CA4EB674}.Release|Any CPU.Build.0 = Release|Any CPU
		{49D72E0E-2C23-497B-82A7-5AE7CA4EB674}.Release|x64.ActiveCfg = Release|Any CPU
		{49D72E0E-2C23-497B-82A7-5AE7CA4EB674}.Release|x64.Build.0 = Release|Any CPU
		{49D72E0E-2C23-497B-82A7-5AE7CA4EB674}.Release|x86.ActiveCfg = Release|Any CPU
		{49D72E0E-2C23-497B-82A7-5AE7CA4EB674}.Release|x86.Build.0 = Release|Any CPU
		{B38A4F29-910F-41FA-8839-A636DF9872FB}.Debug|Any CPU.ActiveCfg = Debug|Any CPU
		{B38A4F29-910F-41FA-8839-A636DF9872FB}.Debug|Any CPU.Build.0 = Debug|Any CPU
		{B38A4F29-910F-41FA-8839-A636DF9872FB}.Debug|x64.ActiveCfg = Debug|Any CPU
		{B38A4F29-910F-41FA-8839-A636DF9872FB}.Debug|x64.Build.0 = Debug|Any CPU
		{B38A4F29-910F-41FA-8839-A636DF9872FB}.Debug|x86.ActiveCfg = Debug|Any CPU
		{B38A4F29-910F-41FA-8839-A636DF9872FB}.Debug|x86.Build.0 = Debug|Any CPU
		{B38A4F29-910F-41FA-8839-A636DF9872FB}.Release|Any CPU.ActiveCfg = Release|Any CPU
		{B38A4F29-910F-41FA-8839-A636DF9872FB}.Release|Any CPU.Build.0 = Release|Any CPU
		{B38A4F29-910F-41FA-8839-A636DF9872FB}.Release|x64.ActiveCfg = Release|Any CPU
		{B38A4F29-910F-41FA-8839-A636DF9872FB}.Release|x64.Build.0 = Release|Any CPU
		{B38A4F29-910F-41FA-8839-A636DF9872FB}.Release|x86.ActiveCfg = Release|Any CPU
		{B38A4F29-910F-41FA-8839-A636DF9872FB}.Release|x86.Build.0 = Release|Any CPU
		{28D2C66C-7C97-4887-8ECA-525C6A3E41A4}.Debug|Any CPU.ActiveCfg = Debug|Any CPU
		{28D2C66C-7C97-4887-8ECA-525C6A3E41A4}.Debug|Any CPU.Build.0 = Debug|Any CPU
		{28D2C66C-7C97-4887-8ECA-525C6A3E41A4}.Debug|x64.ActiveCfg = Debug|Any CPU
		{28D2C66C-7C97-4887-8ECA-525C6A3E41A4}.Debug|x64.Build.0 = Debug|Any CPU
		{28D2C66C-7C97-4887-8ECA-525C6A3E41A4}.Debug|x86.ActiveCfg = Debug|Any CPU
		{28D2C66C-7C97-4887-8ECA-525C6A3E41A4}.Debug|x86.Build.0 = Debug|Any CPU
		{28D2C66C-7C97-4887-8ECA-525C6A3E41A4}.Release|Any CPU.ActiveCfg = Release|Any CPU
		{28D2C66C-7C97-4887-8ECA-525C6A3E41A4}.Release|Any CPU.Build.0 = Release|Any CPU
		{28D2C66C-7C97-4887-8ECA-525C6A3E41A4}.Release|x64.ActiveCfg = Release|Any CPU
		{28D2C66C-7C97-4887-8ECA-525C6A3E41A4}.Release|x64.Build.0 = Release|Any CPU
		{28D2C66C-7C97-4887-8ECA-525C6A3E41A4}.Release|x86.ActiveCfg = Release|Any CPU
		{28D2C66C-7C97-4887-8ECA-525C6A3E41A4}.Release|x86.Build.0 = Release|Any CPU
		{1375C691-0118-4861-8D11-B87F95171A41}.Debug|Any CPU.ActiveCfg = Debug|Any CPU
		{1375C691-0118-4861-8D11-B87F95171A41}.Debug|Any CPU.Build.0 = Debug|Any CPU
		{1375C691-0118-4861-8D11-B87F95171A41}.Debug|x64.ActiveCfg = Debug|Any CPU
		{1375C691-0118-4861-8D11-B87F95171A41}.Debug|x64.Build.0 = Debug|Any CPU
		{1375C691-0118-4861-8D11-B87F95171A41}.Debug|x86.ActiveCfg = Debug|Any CPU
		{1375C691-0118-4861-8D11-B87F95171A41}.Debug|x86.Build.0 = Debug|Any CPU
		{1375C691-0118-4861-8D11-B87F95171A41}.Release|Any CPU.ActiveCfg = Release|Any CPU
		{1375C691-0118-4861-8D11-B87F95171A41}.Release|Any CPU.Build.0 = Release|Any CPU
		{1375C691-0118-4861-8D11-B87F95171A41}.Release|x64.ActiveCfg = Release|Any CPU
		{1375C691-0118-4861-8D11-B87F95171A41}.Release|x64.Build.0 = Release|Any CPU
		{1375C691-0118-4861-8D11-B87F95171A41}.Release|x86.ActiveCfg = Release|Any CPU
		{1375C691-0118-4861-8D11-B87F95171A41}.Release|x86.Build.0 = Release|Any CPU
		{34C4607B-2F36-43C1-A414-D39CE19FDBE5}.Debug|Any CPU.ActiveCfg = Debug|Any CPU
		{34C4607B-2F36-43C1-A414-D39CE19FDBE5}.Debug|Any CPU.Build.0 = Debug|Any CPU
		{34C4607B-2F36-43C1-A414-D39CE19FDBE5}.Debug|x64.ActiveCfg = Debug|Any CPU
		{34C4607B-2F36-43C1-A414-D39CE19FDBE5}.Debug|x64.Build.0 = Debug|Any CPU
		{34C4607B-2F36-43C1-A414-D39CE19FDBE5}.Debug|x86.ActiveCfg = Debug|Any CPU
		{34C4607B-2F36-43C1-A414-D39CE19FDBE5}.Debug|x86.Build.0 = Debug|Any CPU
		{34C4607B-2F36-43C1-A414-D39CE19FDBE5}.Release|Any CPU.ActiveCfg = Release|Any CPU
		{34C4607B-2F36-43C1-A414-D39CE19FDBE5}.Release|Any CPU.Build.0 = Release|Any CPU
		{34C4607B-2F36-43C1-A414-D39CE19FDBE5}.Release|x64.ActiveCfg = Release|Any CPU
		{34C4607B-2F36-43C1-A414-D39CE19FDBE5}.Release|x64.Build.0 = Release|Any CPU
		{34C4607B-2F36-43C1-A414-D39CE19FDBE5}.Release|x86.ActiveCfg = Release|Any CPU
		{34C4607B-2F36-43C1-A414-D39CE19FDBE5}.Release|x86.Build.0 = Release|Any CPU
		{84E7A0E3-5E18-4FA0-B429-555C4733631B}.Debug|Any CPU.ActiveCfg = Debug|Any CPU
		{84E7A0E3-5E18-4FA0-B429-555C4733631B}.Debug|Any CPU.Build.0 = Debug|Any CPU
		{84E7A0E3-5E18-4FA0-B429-555C4733631B}.Debug|x64.ActiveCfg = Debug|Any CPU
		{84E7A0E3-5E18-4FA0-B429-555C4733631B}.Debug|x64.Build.0 = Debug|Any CPU
		{84E7A0E3-5E18-4FA0-B429-555C4733631B}.Debug|x86.ActiveCfg = Debug|Any CPU
		{84E7A0E3-5E18-4FA0-B429-555C4733631B}.Debug|x86.Build.0 = Debug|Any CPU
		{84E7A0E3-5E18-4FA0-B429-555C4733631B}.Release|Any CPU.ActiveCfg = Release|Any CPU
		{84E7A0E3-5E18-4FA0-B429-555C4733631B}.Release|Any CPU.Build.0 = Release|Any CPU
		{84E7A0E3-5E18-4FA0-B429-555C4733631B}.Release|x64.ActiveCfg = Release|Any CPU
		{84E7A0E3-5E18-4FA0-B429-555C4733631B}.Release|x64.Build.0 = Release|Any CPU
		{84E7A0E3-5E18-4FA0-B429-555C4733631B}.Release|x86.ActiveCfg = Release|Any CPU
		{84E7A0E3-5E18-4FA0-B429-555C4733631B}.Release|x86.Build.0 = Release|Any CPU
		{2ADAFEE5-D3C6-4F51-94F0-8FF443C74627}.Debug|Any CPU.ActiveCfg = Debug|Any CPU
		{2ADAFEE5-D3C6-4F51-94F0-8FF443C74627}.Debug|Any CPU.Build.0 = Debug|Any CPU
		{2ADAFEE5-D3C6-4F51-94F0-8FF443C74627}.Debug|x64.ActiveCfg = Debug|Any CPU
		{2ADAFEE5-D3C6-4F51-94F0-8FF443C74627}.Debug|x64.Build.0 = Debug|Any CPU
		{2ADAFEE5-D3C6-4F51-94F0-8FF443C74627}.Debug|x86.ActiveCfg = Debug|Any CPU
		{2ADAFEE5-D3C6-4F51-94F0-8FF443C74627}.Debug|x86.Build.0 = Debug|Any CPU
		{2ADAFEE5-D3C6-4F51-94F0-8FF443C74627}.Release|Any CPU.ActiveCfg = Release|Any CPU
		{2ADAFEE5-D3C6-4F51-94F0-8FF443C74627}.Release|Any CPU.Build.0 = Release|Any CPU
		{2ADAFEE5-D3C6-4F51-94F0-8FF443C74627}.Release|x64.ActiveCfg = Release|Any CPU
		{2ADAFEE5-D3C6-4F51-94F0-8FF443C74627}.Release|x64.Build.0 = Release|Any CPU
		{2ADAFEE5-D3C6-4F51-94F0-8FF443C74627}.Release|x86.ActiveCfg = Release|Any CPU
		{2ADAFEE5-D3C6-4F51-94F0-8FF443C74627}.Release|x86.Build.0 = Release|Any CPU
		{B894567F-C34E-40B1-9B0D-92E7F2286E0D}.Debug|Any CPU.ActiveCfg = Debug|Any CPU
		{B894567F-C34E-40B1-9B0D-92E7F2286E0D}.Debug|Any CPU.Build.0 = Debug|Any CPU
		{B894567F-C34E-40B1-9B0D-92E7F2286E0D}.Debug|x64.ActiveCfg = Debug|Any CPU
		{B894567F-C34E-40B1-9B0D-92E7F2286E0D}.Debug|x64.Build.0 = Debug|Any CPU
		{B894567F-C34E-40B1-9B0D-92E7F2286E0D}.Debug|x86.ActiveCfg = Debug|Any CPU
		{B894567F-C34E-40B1-9B0D-92E7F2286E0D}.Debug|x86.Build.0 = Debug|Any CPU
		{B894567F-C34E-40B1-9B0D-92E7F2286E0D}.Release|Any CPU.ActiveCfg = Release|Any CPU
		{B894567F-C34E-40B1-9B0D-92E7F2286E0D}.Release|Any CPU.Build.0 = Release|Any CPU
		{B894567F-C34E-40B1-9B0D-92E7F2286E0D}.Release|x64.ActiveCfg = Release|Any CPU
		{B894567F-C34E-40B1-9B0D-92E7F2286E0D}.Release|x64.Build.0 = Release|Any CPU
		{B894567F-C34E-40B1-9B0D-92E7F2286E0D}.Release|x86.ActiveCfg = Release|Any CPU
		{B894567F-C34E-40B1-9B0D-92E7F2286E0D}.Release|x86.Build.0 = Release|Any CPU
		{41CD769C-6B4F-43E9-9AD3-17D1A26ECBE6}.Debug|Any CPU.ActiveCfg = Debug|Any CPU
		{41CD769C-6B4F-43E9-9AD3-17D1A26ECBE6}.Debug|Any CPU.Build.0 = Debug|Any CPU
		{41CD769C-6B4F-43E9-9AD3-17D1A26ECBE6}.Debug|x64.ActiveCfg = Debug|Any CPU
		{41CD769C-6B4F-43E9-9AD3-17D1A26ECBE6}.Debug|x64.Build.0 = Debug|Any CPU
		{41CD769C-6B4F-43E9-9AD3-17D1A26ECBE6}.Debug|x86.ActiveCfg = Debug|Any CPU
		{41CD769C-6B4F-43E9-9AD3-17D1A26ECBE6}.Debug|x86.Build.0 = Debug|Any CPU
		{41CD769C-6B4F-43E9-9AD3-17D1A26ECBE6}.Release|Any CPU.ActiveCfg = Release|Any CPU
		{41CD769C-6B4F-43E9-9AD3-17D1A26ECBE6}.Release|Any CPU.Build.0 = Release|Any CPU
		{41CD769C-6B4F-43E9-9AD3-17D1A26ECBE6}.Release|x64.ActiveCfg = Release|Any CPU
		{41CD769C-6B4F-43E9-9AD3-17D1A26ECBE6}.Release|x64.Build.0 = Release|Any CPU
		{41CD769C-6B4F-43E9-9AD3-17D1A26ECBE6}.Release|x86.ActiveCfg = Release|Any CPU
		{41CD769C-6B4F-43E9-9AD3-17D1A26ECBE6}.Release|x86.Build.0 = Release|Any CPU
		{D9300387-DED0-4FCF-96B1-C2D3B26D2027}.Debug|Any CPU.ActiveCfg = Debug|Any CPU
		{D9300387-DED0-4FCF-96B1-C2D3B26D2027}.Debug|Any CPU.Build.0 = Debug|Any CPU
		{D9300387-DED0-4FCF-96B1-C2D3B26D2027}.Debug|x64.ActiveCfg = Debug|Any CPU
		{D9300387-DED0-4FCF-96B1-C2D3B26D2027}.Debug|x64.Build.0 = Debug|Any CPU
		{D9300387-DED0-4FCF-96B1-C2D3B26D2027}.Debug|x86.ActiveCfg = Debug|Any CPU
		{D9300387-DED0-4FCF-96B1-C2D3B26D2027}.Debug|x86.Build.0 = Debug|Any CPU
		{D9300387-DED0-4FCF-96B1-C2D3B26D2027}.Release|Any CPU.ActiveCfg = Release|Any CPU
		{D9300387-DED0-4FCF-96B1-C2D3B26D2027}.Release|Any CPU.Build.0 = Release|Any CPU
		{D9300387-DED0-4FCF-96B1-C2D3B26D2027}.Release|x64.ActiveCfg = Release|Any CPU
		{D9300387-DED0-4FCF-96B1-C2D3B26D2027}.Release|x64.Build.0 = Release|Any CPU
		{D9300387-DED0-4FCF-96B1-C2D3B26D2027}.Release|x86.ActiveCfg = Release|Any CPU
		{D9300387-DED0-4FCF-96B1-C2D3B26D2027}.Release|x86.Build.0 = Release|Any CPU
		{BCCCC99D-A7A1-465A-9E26-7789ACC7141F}.Debug|Any CPU.ActiveCfg = Debug|Any CPU
		{BCCCC99D-A7A1-465A-9E26-7789ACC7141F}.Debug|Any CPU.Build.0 = Debug|Any CPU
		{BCCCC99D-A7A1-465A-9E26-7789ACC7141F}.Debug|x64.ActiveCfg = Debug|Any CPU
		{BCCCC99D-A7A1-465A-9E26-7789ACC7141F}.Debug|x64.Build.0 = Debug|Any CPU
		{BCCCC99D-A7A1-465A-9E26-7789ACC7141F}.Debug|x86.ActiveCfg = Debug|Any CPU
		{BCCCC99D-A7A1-465A-9E26-7789ACC7141F}.Debug|x86.Build.0 = Debug|Any CPU
		{BCCCC99D-A7A1-465A-9E26-7789ACC7141F}.Release|Any CPU.ActiveCfg = Release|Any CPU
		{BCCCC99D-A7A1-465A-9E26-7789ACC7141F}.Release|Any CPU.Build.0 = Release|Any CPU
		{BCCCC99D-A7A1-465A-9E26-7789ACC7141F}.Release|x64.ActiveCfg = Release|Any CPU
		{BCCCC99D-A7A1-465A-9E26-7789ACC7141F}.Release|x64.Build.0 = Release|Any CPU
		{BCCCC99D-A7A1-465A-9E26-7789ACC7141F}.Release|x86.ActiveCfg = Release|Any CPU
		{BCCCC99D-A7A1-465A-9E26-7789ACC7141F}.Release|x86.Build.0 = Release|Any CPU
	EndGlobalSection
	GlobalSection(SolutionProperties) = preSolution
		HideSolutionNode = FALSE
	EndGlobalSection
	GlobalSection(NestedProjects) = preSolution
		{46DE8209-C6FB-4CA4-B70A-4696D2CB260C} = {827E0CD3-B72D-47B6-A68D-7590B98EB39B}
		{EB081C90-C0D2-4E08-9E10-C6584D6C799D} = {827E0CD3-B72D-47B6-A68D-7590B98EB39B}
		{F0317080-E625-4C25-B7AD-9A5572B1ACDF} = {827E0CD3-B72D-47B6-A68D-7590B98EB39B}
		{CC204F6C-E04C-4094-AA6B-2EB5A5B698E4} = {827E0CD3-B72D-47B6-A68D-7590B98EB39B}
		{3E4AEACD-E403-4223-85C1-9021F97AB06A} = {827E0CD3-B72D-47B6-A68D-7590B98EB39B}
		{697ED399-88B2-4B85-909B-216E0550851E} = {0AB3BF05-4346-4AA6-1389-037BE0695223}
		{DEB3784B-CFD7-4660-8D0A-0CB7BB29080F} = {827E0CD3-B72D-47B6-A68D-7590B98EB39B}
		{3FA71313-F494-480D-8100-94DA46575956} = {827E0CD3-B72D-47B6-A68D-7590B98EB39B}
		{49B97813-8510-41AC-B763-42131C61137C} = {0AB3BF05-4346-4AA6-1389-037BE0695223}
		{B65E3545-4A39-4906-BED3-5520D9DF7BA5} = {827E0CD3-B72D-47B6-A68D-7590B98EB39B}
		{CB8E6F90-2991-44A5-8796-7DC35BCACE22} = {0AB3BF05-4346-4AA6-1389-037BE0695223}
		{49D72E0E-2C23-497B-82A7-5AE7CA4EB674} = {827E0CD3-B72D-47B6-A68D-7590B98EB39B}
		{B38A4F29-910F-41FA-8839-A636DF9872FB} = {827E0CD3-B72D-47B6-A68D-7590B98EB39B}
		{28D2C66C-7C97-4887-8ECA-525C6A3E41A4} = {0AB3BF05-4346-4AA6-1389-037BE0695223}
		{1375C691-0118-4861-8D11-B87F95171A41} = {827E0CD3-B72D-47B6-A68D-7590B98EB39B}
		{34C4607B-2F36-43C1-A414-D39CE19FDBE5} = {827E0CD3-B72D-47B6-A68D-7590B98EB39B}
		{84E7A0E3-5E18-4FA0-B429-555C4733631B} = {0AB3BF05-4346-4AA6-1389-037BE0695223}
		{2ADAFEE5-D3C6-4F51-94F0-8FF443C74627} = {827E0CD3-B72D-47B6-A68D-7590B98EB39B}
		{B894567F-C34E-40B1-9B0D-92E7F2286E0D} = {827E0CD3-B72D-47B6-A68D-7590B98EB39B}
		{41CD769C-6B4F-43E9-9AD3-17D1A26ECBE6} = {0AB3BF05-4346-4AA6-1389-037BE0695223}
		{D9300387-DED0-4FCF-96B1-C2D3B26D2027} = {0AB3BF05-4346-4AA6-1389-037BE0695223}
		{BCCCC99D-A7A1-465A-9E26-7789ACC7141F} = {0AB3BF05-4346-4AA6-1389-037BE0695223}
	EndGlobalSection
EndGlobal
